
Microsoft Visual Studio Solution File, Format Version 12.00
# Visual Studio Version 16
VisualStudioVersion = 16.0.32106.194
MinimumVisualStudioVersion = 10.0.40219.1
Project("{FAE04EC0-301F-11D3-BF4B-00C04F79EFBC}") = "SumOfDigits.Test", "SumOfDigits.Test\SumOfDigits.Test.csproj", "{0A931937-C79D-4596-9F97-74168C282C87}"
EndProject
Project("{FAE04EC0-301F-11D3-BF4B-00C04F79EFBC}") = "SumOfDigits.App", "SumOfDigits.App\SumOfDigits.App.csproj", "{2194C45F-D2AE-479F-86C2-364FEE08590E}"
EndProject
Global
	GlobalSection(SolutionConfigurationPlatforms) = preSolution
		Debug|Any CPU = Debug|Any CPU
		Release|Any CPU = Release|Any CPU
	EndGlobalSection
	GlobalSection(ProjectConfigurationPlatforms) = postSolution
		{0A931937-C79D-4596-9F97-74168C282C87}.Debug|Any CPU.ActiveCfg = Debug|Any CPU
		{0A931937-C79D-4596-9F97-74168C282C87}.Debug|Any CPU.Build.0 = Debug|Any CPU
		{0A931937-C79D-4596-9F97-74168C282C87}.Release|Any CPU.ActiveCfg = Release|Any CPU
		{0A931937-C79D-4596-9F97-74168C282C87}.Release|Any CPU.Build.0 = Release|Any CPU
		{2194C45F-D2AE-479F-86C2-364FEE08590E}.Debug|Any CPU.ActiveCfg = Debug|Any CPU
		{2194C45F-D2AE-479F-86C2-364FEE08590E}.Debug|Any CPU.Build.0 = Debug|Any CPU
		{2194C45F-D2AE-479F-86C2-364FEE08590E}.Release|Any CPU.ActiveCfg = Release|Any CPU
		{2194C45F-D2AE-479F-86C2-364FEE08590E}.Release|Any CPU.Build.0 = Release|Any CPU
	EndGlobalSection
	GlobalSection(SolutionProperties) = preSolution
		HideSolutionNode = FALSE
	EndGlobalSection
	GlobalSection(ExtensibilityGlobals) = postSolution
		SolutionGuid = {9E51F66E-AE57-40F2-B956-D55E20119B76}
	EndGlobalSection
EndGlobal
